<?xml version="1.0" encoding="utf-8"?>
<Project ToolsVersion="4.0" xmlns="http://schemas.microsoft.com/developer/msbuild/2003">
  <ItemGroup>
    <Filter Include="소스 파일">
      <UniqueIdentifier>{4FC737F1-C7A5-4376-A066-2A32D752A2FF}</UniqueIdentifier>
      <Extensions>cpp;c;cc;cxx;def;odl;idl;hpj;bat;asm;asmx</Extensions>
    </Filter>
    <Filter Include="헤더 파일">
      <UniqueIdentifier>{93995380-89BD-4b04-88EB-625FBE52EBFB}</UniqueIdentifier>
      <Extensions>h;hh;hpp;hxx;hm;inl;inc;ipp;xsd</Extensions>
    </Filter>
    <Filter Include="리소스 파일">
      <UniqueIdentifier>{67DA6AB6-F800-4c08-8B7A-83BB121AAD01}</UniqueIdentifier>
      <Extensions>rc;ico;cur;bmp;dlg;rc2;rct;bin;rgs;gif;jpg;jpeg;jpe;resx;tiff;tif;png;wav;mfcribbon-ms</Extensions>
    </Filter>
    <Filter Include="2DGameFramework">
      <UniqueIdentifier>{acc8cb01-70a4-4cc6-9d88-d32134c13a9f}</UniqueIdentifier>
    </Filter>
    <Filter Include="playGround">
      <UniqueIdentifier>{81ef0d09-364b-467c-92b5-68b9438212f6}</UniqueIdentifier>
    </Filter>
    <Filter Include="2DGameFramework\SingletonBase">
      <UniqueIdentifier>{8f2c2318-9b69-434a-838a-8649fb3d732d}</UniqueIdentifier>
    </Filter>
    <Filter Include="2DGameFramework\Manager">
      <UniqueIdentifier>{16fac473-44a9-4f96-870f-27a66bc8d31e}</UniqueIdentifier>
    </Filter>
    <Filter Include="2DGameFramework\image">
      <UniqueIdentifier>{7fcd4216-76a8-48f1-a13f-4afb68ded7c5}</UniqueIdentifier>
    </Filter>
    <Filter Include="2DGameFramework\Util">
      <UniqueIdentifier>{7d7b862c-abb8-408f-a500-97d6ced2a4fd}</UniqueIdentifier>
    </Filter>
    <Filter Include="2DGameFramework\progressBar">
      <UniqueIdentifier>{c1cc7a2a-bdac-47e2-bf6f-f3b70adb4fac}</UniqueIdentifier>
    </Filter>
    <Filter Include="2DGameFramework\txtData">
      <UniqueIdentifier>{511868d2-4d81-4fc3-bf82-6322d9df63e4}</UniqueIdentifier>
    </Filter>
    <Filter Include="2DGameFramework\timer">
      <UniqueIdentifier>{6110c452-b2ac-48e8-ac0c-90e7d5151e36}</UniqueIdentifier>
    </Filter>
    <Filter Include="2DGameFramework\animation">
      <UniqueIdentifier>{a76d591a-6507-4a2b-aeab-11c470a3f2dd}</UniqueIdentifier>
    </Filter>
    <Filter Include="2DGameFramework\effect">
      <UniqueIdentifier>{0dbf570f-42b2-481b-8632-983fa151eedb}</UniqueIdentifier>
    </Filter>
    <Filter Include="2DGameFramework\button">
      <UniqueIdentifier>{edec0274-25d5-4cd4-9858-73c06504f062}</UniqueIdentifier>
    </Filter>
    <Filter Include="2DGameFramework\action">
      <UniqueIdentifier>{a505733a-b5f1-416e-941e-fb290e7b22a8}</UniqueIdentifier>
    </Filter>
    <Filter Include="playGround\MapManager">
      <UniqueIdentifier>{4504c38c-ddf9-4bb1-95c2-00fdef28d70c}</UniqueIdentifier>
    </Filter>
    <Filter Include="playGround\MapManager\Tile">
      <UniqueIdentifier>{dac582df-2e7b-4d37-b476-c7a0c6a0ed24}</UniqueIdentifier>
    </Filter>
    <Filter Include="2DGameFramework\PathFinder">
      <UniqueIdentifier>{a418e7ab-e358-4e6f-ab1c-0ebb8cee1d48}</UniqueIdentifier>
    </Filter>
    <Filter Include="playGround\Scene">
      <UniqueIdentifier>{b2ee5744-a2c1-40ed-9fca-b93697b3bcd0}</UniqueIdentifier>
    </Filter>
    <Filter Include="playGround\Object">
      <UniqueIdentifier>{4c78229b-9d5e-4105-9d5e-01e03bb88952}</UniqueIdentifier>
    </Filter>
    <Filter Include="2DGameFramework\Camera">
      <UniqueIdentifier>{91d738e0-fdb1-4af6-9389-3c602bdaf9b1}</UniqueIdentifier>
    </Filter>
    <Filter Include="playGround\Object\Player">
      <UniqueIdentifier>{70d065a9-f104-4675-b76a-109d5ea15090}</UniqueIdentifier>
    </Filter>
    <Filter Include="playGround\Object\Enemy">
      <UniqueIdentifier>{a7faa1aa-b528-466c-a25d-45e7642ba819}</UniqueIdentifier>
    </Filter>
  </ItemGroup>
  <ItemGroup>
    <ClInclude Include="stdafx.h">
      <Filter>헤더 파일</Filter>
    </ClInclude>
    <ClInclude Include="targetver.h">
      <Filter>헤더 파일</Filter>
    </ClInclude>
    <ClInclude Include="Resource.h">
      <Filter>헤더 파일</Filter>
    </ClInclude>
    <ClInclude Include="windowAPI.h">
      <Filter>헤더 파일</Filter>
    </ClInclude>
    <ClInclude Include="commonMacroFunction.h">
      <Filter>헤더 파일</Filter>
    </ClInclude>
    <ClInclude Include="gameNode.h">
      <Filter>2DGameFramework</Filter>
    </ClInclude>
    <ClInclude Include="playGround.h">
      <Filter>playGround</Filter>
    </ClInclude>
    <ClInclude Include="singletonBase.h">
      <Filter>2DGameFramework\SingletonBase</Filter>
    </ClInclude>
    <ClInclude Include="randomFunction.h">
      <Filter>헤더 파일</Filter>
    </ClInclude>
    <ClInclude Include="keyManager.h">
      <Filter>2DGameFramework\Manager</Filter>
    </ClInclude>
    <ClInclude Include="image.h">
      <Filter>2DGameFramework\image</Filter>
    </ClInclude>
    <ClInclude Include="utils.h">
      <Filter>2DGameFramework\Util</Filter>
    </ClInclude>
    <ClInclude Include="imageManager.h">
      <Filter>2DGameFramework\Manager</Filter>
    </ClInclude>
    <ClInclude Include="progressBar.h">
      <Filter>2DGameFramework\progressBar</Filter>
    </ClInclude>
    <ClInclude Include="txtData.h">
      <Filter>2DGameFramework\txtData</Filter>
    </ClInclude>
    <ClInclude Include="timer.h">
      <Filter>2DGameFramework\timer</Filter>
    </ClInclude>
    <ClInclude Include="timeManager.h">
      <Filter>2DGameFramework\Manager</Filter>
    </ClInclude>
    <ClInclude Include="animation.h">
      <Filter>2DGameFramework\animation</Filter>
    </ClInclude>
    <ClInclude Include="effect.h">
      <Filter>2DGameFramework\effect</Filter>
    </ClInclude>
    <ClInclude Include="effectManager.h">
      <Filter>2DGameFramework\Manager</Filter>
    </ClInclude>
    <ClInclude Include="soundManager.h">
      <Filter>2DGameFramework\Manager</Filter>
    </ClInclude>
    <ClInclude Include="sceneManager.h">
      <Filter>2DGameFramework\Manager</Filter>
    </ClInclude>
    <ClInclude Include="button.h">
      <Filter>2DGameFramework\button</Filter>
    </ClInclude>
    <ClInclude Include="action.h">
      <Filter>2DGameFramework\action</Filter>
    </ClInclude>
    <ClInclude Include="keyAniManager.h">
      <Filter>2DGameFramework\Manager</Filter>
    </ClInclude>
    <ClInclude Include="TileMap.h">
      <Filter>playGround\MapManager\Tile</Filter>
    </ClInclude>
    <ClInclude Include="PathFinder.h">
      <Filter>2DGameFramework\PathFinder</Filter>
    </ClInclude>
    <ClInclude Include="GameObject.h">
      <Filter>playGround\Object</Filter>
    </ClInclude>
    <ClInclude Include="BasicScene.h">
      <Filter>playGround\Scene</Filter>
    </ClInclude>
    <ClInclude Include="Render.h">
      <Filter>2DGameFramework\image</Filter>
    </ClInclude>
    <ClInclude Include="MapToolScene.h">
      <Filter>playGround\Scene</Filter>
    </ClInclude>
    <ClInclude Include="Camera.h">
      <Filter>2DGameFramework\Camera</Filter>
    </ClInclude>
    <ClInclude Include="tagTile.h">
      <Filter>playGround\MapManager\Tile</Filter>
    </ClInclude>
    <ClInclude Include="SampleTile.h">
      <Filter>playGround\MapManager\Tile</Filter>
    </ClInclude>
    <ClInclude Include="StageOne.h">
      <Filter>playGround\Scene</Filter>
    </ClInclude>
    <ClInclude Include="PlayerManager.h">
      <Filter>2DGameFramework\Manager</Filter>
    </ClInclude>
    <ClInclude Include="Player.h">
      <Filter>playGround\Object\Player</Filter>
    </ClInclude>
    <ClInclude Include="SkulHead.h">
      <Filter>playGround\Object\Player</Filter>
    </ClInclude>
    <ClInclude Include="Knight.h">
      <Filter>playGround\Object\Enemy</Filter>
    </ClInclude>
    <ClInclude Include="Enemy.h">
      <Filter>playGround\Object\Enemy</Filter>
    </ClInclude>
    <ClInclude Include="EnemyManager.h">
      <Filter>2DGameFramework\Manager</Filter>
    </ClInclude>
  </ItemGroup>
  <ItemGroup>
    <ClCompile Include="stdafx.cpp">
      <Filter>소스 파일</Filter>
    </ClCompile>
    <ClCompile Include="windowAPI.cpp">
      <Filter>소스 파일</Filter>
    </ClCompile>
    <ClCompile Include="gameNode.cpp">
      <Filter>2DGameFramework</Filter>
    </ClCompile>
    <ClCompile Include="playGround.cpp">
      <Filter>playGround</Filter>
    </ClCompile>
    <ClCompile Include="keyManager.cpp">
      <Filter>2DGameFramework\Manager</Filter>
    </ClCompile>
    <ClCompile Include="image.cpp">
      <Filter>2DGameFramework\image</Filter>
    </ClCompile>
    <ClCompile Include="utils.cpp">
      <Filter>2DGameFramework\Util</Filter>
    </ClCompile>
    <ClCompile Include="imageManager.cpp">
      <Filter>2DGameFramework\Manager</Filter>
    </ClCompile>
    <ClCompile Include="progressBar.cpp">
      <Filter>2DGameFramework\progressBar</Filter>
    </ClCompile>
    <ClCompile Include="txtData.cpp">
      <Filter>2DGameFramework\txtData</Filter>
    </ClCompile>
    <ClCompile Include="timer.cpp">
      <Filter>2DGameFramework\timer</Filter>
    </ClCompile>
    <ClCompile Include="timeManager.cpp">
      <Filter>2DGameFramework\Manager</Filter>
    </ClCompile>
    <ClCompile Include="animation.cpp">
      <Filter>2DGameFramework\animation</Filter>
    </ClCompile>
    <ClCompile Include="effect.cpp">
      <Filter>2DGameFramework\effect</Filter>
    </ClCompile>
    <ClCompile Include="effectManager.cpp">
      <Filter>2DGameFramework\Manager</Filter>
    </ClCompile>
    <ClCompile Include="soundManager.cpp">
      <Filter>2DGameFramework\Manager</Filter>
    </ClCompile>
    <ClCompile Include="sceneManager.cpp">
      <Filter>2DGameFramework\Manager</Filter>
    </ClCompile>
    <ClCompile Include="button.cpp">
      <Filter>2DGameFramework\button</Filter>
    </ClCompile>
    <ClCompile Include="action.cpp">
      <Filter>2DGameFramework\action</Filter>
    </ClCompile>
    <ClCompile Include="keyAniManager.cpp">
      <Filter>2DGameFramework\Manager</Filter>
    </ClCompile>
    <ClCompile Include="TileMap.cpp">
      <Filter>playGround\MapManager\Tile</Filter>
    </ClCompile>
    <ClCompile Include="PathFinder.cpp">
      <Filter>2DGameFramework\PathFinder</Filter>
    </ClCompile>
    <ClCompile Include="GameObject.cpp">
      <Filter>playGround\Object</Filter>
    </ClCompile>
    <ClCompile Include="BasicScene.cpp">
      <Filter>playGround\Scene</Filter>
    </ClCompile>
    <ClCompile Include="Render.cpp">
      <Filter>2DGameFramework\image</Filter>
    </ClCompile>
    <ClCompile Include="MapToolScene.cpp">
      <Filter>playGround\Scene</Filter>
    </ClCompile>
    <ClCompile Include="Camera.cpp">
      <Filter>2DGameFramework\Camera</Filter>
    </ClCompile>
    <ClCompile Include="SampleTile.cpp">
      <Filter>playGround\MapManager\Tile</Filter>
    </ClCompile>
    <ClCompile Include="tagTile.cpp">
      <Filter>소스 파일</Filter>
    </ClCompile>
    <ClCompile Include="StageOne.cpp">
      <Filter>playGround\Scene</Filter>
    </ClCompile>
    <ClCompile Include="PlayerManager.cpp">
      <Filter>2DGameFramework\Manager</Filter>
    </ClCompile>
    <ClCompile Include="Player.cpp">
      <Filter>playGround\Object\Player</Filter>
    </ClCompile>
    <ClCompile Include="SkulHead.cpp">
      <Filter>playGround\Object\Player</Filter>
    </ClCompile>
    <ClCompile Include="Knight.cpp">
      <Filter>playGround\Object\Enemy</Filter>
    </ClCompile>
    <ClCompile Include="Enemy.cpp">
      <Filter>playGround\Object\Enemy</Filter>
    </ClCompile>
    <ClCompile Include="EnemyManager.cpp">
      <Filter>2DGameFramework\Manager</Filter>
    </ClCompile>
  </ItemGroup>
  <ItemGroup>
    <ResourceCompile Include="windowAPI.rc">
      <Filter>리소스 파일</Filter>
    </ResourceCompile>
  </ItemGroup>
  <ItemGroup>
    <Image Include="small.ico">
      <Filter>리소스 파일</Filter>
    </Image>
    <Image Include="windowAPI.ico">
      <Filter>리소스 파일</Filter>
    </Image>
  </ItemGroup>
</Project>